
Microsoft Visual Studio Solution File, Format Version 12.00
# Visual Studio Version 17
VisualStudioVersion = 17.5.33627.172
MinimumVisualStudioVersion = 10.0.40219.1
Project("{8BC9CEB8-8B4A-11D0-8D11-00A0C91BC942}") = "FinalProject_163", "FinalProject_163\FinalProject_163.vcxproj", "{067A1708-8C36-41DE-8894-FDEC56BB8546}"
EndProject
Global
	GlobalSection(SolutionConfigurationPlatforms) = preSolution
		Debug|x64 = Debug|x64
		Debug|x86 = Debug|x86
		Release|x64 = Release|x64
		Release|x86 = Release|x86
	EndGlobalSection
	GlobalSection(ProjectConfigurationPlatforms) = postSolution
		{067A1708-8C36-41DE-8894-FDEC56BB8546}.Debug|x64.ActiveCfg = Debug|x64
		{067A1708-8C36-41DE-8894-FDEC56BB8546}.Debug|x64.Build.0 = Debug|x64
		{067A1708-8C36-41DE-8894-FDEC56BB8546}.Debug|x86.ActiveCfg = Debug|Win32
		{067A1708-8C36-41DE-8894-FDEC56BB8546}.Debug|x86.Build.0 = Debug|Win32
		{067A1708-8C36-41DE-8894-FDEC56BB8546}.Release|x64.ActiveCfg = Release|x64
		{067A1708-8C36-41DE-8894-FDEC56BB8546}.Release|x64.Build.0 = Release|x64
		{067A1708-8C36-41DE-8894-FDEC56BB8546}.Release|x86.ActiveCfg = Release|Win32
		{067A1708-8C36-41DE-8894-FDEC56BB8546}.Release|x86.Build.0 = Release|Win32
	EndGlobalSection
	GlobalSection(SolutionProperties) = preSolution
		HideSolutionNode = FALSE
	EndGlobalSection
	GlobalSection(ExtensibilityGlobals) = postSolution
		SolutionGuid = {21E8288F-21FF-455D-BB94-9C7BF36936DF}
	EndGlobalSection
EndGlobal
